
Microsoft Visual Studio Solution File, Format Version 12.00
# Visual Studio Version 17
VisualStudioVersion = 17.6.33815.320
MinimumVisualStudioVersion = 10.0.40219.1
Project("{8BC9CEB8-8B4A-11D0-8D11-00A0C91BC942}") = "Ejercicio4-08EDA(entregable)", "Ejercicio4-08EDA(entregable).vcxproj", "{184E06EE-41F9-4B11-AF09-73E0C498B3ED}"
EndProject
Global
	GlobalSection(SolutionConfigurationPlatforms) = preSolution
		Debug|x64 = Debug|x64
		Debug|x86 = Debug|x86
		Release|x64 = Release|x64
		Release|x86 = Release|x86
	EndGlobalSection
	GlobalSection(ProjectConfigurationPlatforms) = postSolution
		{184E06EE-41F9-4B11-AF09-73E0C498B3ED}.Debug|x64.ActiveCfg = Debug|x64
		{184E06EE-41F9-4B11-AF09-73E0C498B3ED}.Debug|x64.Build.0 = Debug|x64
		{184E06EE-41F9-4B11-AF09-73E0C498B3ED}.Debug|x86.ActiveCfg = Debug|Win32
		{184E06EE-41F9-4B11-AF09-73E0C498B3ED}.Debug|x86.Build.0 = Debug|Win32
		{184E06EE-41F9-4B11-AF09-73E0C498B3ED}.Release|x64.ActiveCfg = Release|x64
		{184E06EE-41F9-4B11-AF09-73E0C498B3ED}.Release|x64.Build.0 = Release|x64
		{184E06EE-41F9-4B11-AF09-73E0C498B3ED}.Release|x86.ActiveCfg = Release|Win32
		{184E06EE-41F9-4B11-AF09-73E0C498B3ED}.Release|x86.Build.0 = Release|Win32
	EndGlobalSection
	GlobalSection(SolutionProperties) = preSolution
		HideSolutionNode = FALSE
	EndGlobalSection
	GlobalSection(ExtensibilityGlobals) = postSolution
		SolutionGuid = {D73203B8-D0D9-4331-8864-15472DFD91FC}
	EndGlobalSection
EndGlobal
