
Microsoft Visual Studio Solution File, Format Version 12.00
# Visual Studio Version 17
VisualStudioVersion = 17.6.33815.320
MinimumVisualStudioVersion = 10.0.40219.1
Project("{8BC9CEB8-8B4A-11D0-8D11-00A0C91BC942}") = "Ejercicio2-11EDA", "Ejercicio2-11EDA.vcxproj", "{91F93F57-2AA4-49E5-A7FF-61C92A5F3560}"
EndProject
Global
	GlobalSection(SolutionConfigurationPlatforms) = preSolution
		Debug|x64 = Debug|x64
		Debug|x86 = Debug|x86
		Release|x64 = Release|x64
		Release|x86 = Release|x86
	EndGlobalSection
	GlobalSection(ProjectConfigurationPlatforms) = postSolution
		{91F93F57-2AA4-49E5-A7FF-61C92A5F3560}.Debug|x64.ActiveCfg = Debug|x64
		{91F93F57-2AA4-49E5-A7FF-61C92A5F3560}.Debug|x64.Build.0 = Debug|x64
		{91F93F57-2AA4-49E5-A7FF-61C92A5F3560}.Debug|x86.ActiveCfg = Debug|Win32
		{91F93F57-2AA4-49E5-A7FF-61C92A5F3560}.Debug|x86.Build.0 = Debug|Win32
		{91F93F57-2AA4-49E5-A7FF-61C92A5F3560}.Release|x64.ActiveCfg = Release|x64
		{91F93F57-2AA4-49E5-A7FF-61C92A5F3560}.Release|x64.Build.0 = Release|x64
		{91F93F57-2AA4-49E5-A7FF-61C92A5F3560}.Release|x86.ActiveCfg = Release|Win32
		{91F93F57-2AA4-49E5-A7FF-61C92A5F3560}.Release|x86.Build.0 = Release|Win32
	EndGlobalSection
	GlobalSection(SolutionProperties) = preSolution
		HideSolutionNode = FALSE
	EndGlobalSection
	GlobalSection(ExtensibilityGlobals) = postSolution
		SolutionGuid = {031C04C7-0BC7-4FFC-861D-1B9D6909B154}
	EndGlobalSection
EndGlobal
