
Microsoft Visual Studio Solution File, Format Version 12.00
# Visual Studio Version 17
VisualStudioVersion = 17.8.34309.116
MinimumVisualStudioVersion = 10.0.40219.1
Project("{8BC9CEB8-8B4A-11D0-8D11-00A0C91BC942}") = "Ejercicio2-04EDA", "Ejercicio2-04EDA.vcxproj", "{247BE55F-C669-454D-BBB8-4EF88B9FAC06}"
EndProject
Global
	GlobalSection(SolutionConfigurationPlatforms) = preSolution
		Debug|x64 = Debug|x64
		Debug|x86 = Debug|x86
		Release|x64 = Release|x64
		Release|x86 = Release|x86
	EndGlobalSection
	GlobalSection(ProjectConfigurationPlatforms) = postSolution
		{247BE55F-C669-454D-BBB8-4EF88B9FAC06}.Debug|x64.ActiveCfg = Debug|x64
		{247BE55F-C669-454D-BBB8-4EF88B9FAC06}.Debug|x64.Build.0 = Debug|x64
		{247BE55F-C669-454D-BBB8-4EF88B9FAC06}.Debug|x86.ActiveCfg = Debug|Win32
		{247BE55F-C669-454D-BBB8-4EF88B9FAC06}.Debug|x86.Build.0 = Debug|Win32
		{247BE55F-C669-454D-BBB8-4EF88B9FAC06}.Release|x64.ActiveCfg = Release|x64
		{247BE55F-C669-454D-BBB8-4EF88B9FAC06}.Release|x64.Build.0 = Release|x64
		{247BE55F-C669-454D-BBB8-4EF88B9FAC06}.Release|x86.ActiveCfg = Release|Win32
		{247BE55F-C669-454D-BBB8-4EF88B9FAC06}.Release|x86.Build.0 = Release|Win32
	EndGlobalSection
	GlobalSection(SolutionProperties) = preSolution
		HideSolutionNode = FALSE
	EndGlobalSection
	GlobalSection(ExtensibilityGlobals) = postSolution
		SolutionGuid = {D1E37199-D95B-4797-AA6D-937C5A724797}
	EndGlobalSection
EndGlobal
