
Microsoft Visual Studio Solution File, Format Version 12.00
# Visual Studio Version 17
VisualStudioVersion = 17.8.34309.116
MinimumVisualStudioVersion = 10.0.40219.1
Project("{8BC9CEB8-8B4A-11D0-8D11-00A0C91BC942}") = "puesto_eda", "puesto_eda.vcxproj", "{A642FC1F-3ABC-4DC0-B792-CB21229E8FB0}"
EndProject
Global
	GlobalSection(SolutionConfigurationPlatforms) = preSolution
		Debug|x64 = Debug|x64
		Debug|x86 = Debug|x86
		Release|x64 = Release|x64
		Release|x86 = Release|x86
	EndGlobalSection
	GlobalSection(ProjectConfigurationPlatforms) = postSolution
		{A642FC1F-3ABC-4DC0-B792-CB21229E8FB0}.Debug|x64.ActiveCfg = Debug|x64
		{A642FC1F-3ABC-4DC0-B792-CB21229E8FB0}.Debug|x64.Build.0 = Debug|x64
		{A642FC1F-3ABC-4DC0-B792-CB21229E8FB0}.Debug|x86.ActiveCfg = Debug|Win32
		{A642FC1F-3ABC-4DC0-B792-CB21229E8FB0}.Debug|x86.Build.0 = Debug|Win32
		{A642FC1F-3ABC-4DC0-B792-CB21229E8FB0}.Release|x64.ActiveCfg = Release|x64
		{A642FC1F-3ABC-4DC0-B792-CB21229E8FB0}.Release|x64.Build.0 = Release|x64
		{A642FC1F-3ABC-4DC0-B792-CB21229E8FB0}.Release|x86.ActiveCfg = Release|Win32
		{A642FC1F-3ABC-4DC0-B792-CB21229E8FB0}.Release|x86.Build.0 = Release|Win32
	EndGlobalSection
	GlobalSection(SolutionProperties) = preSolution
		HideSolutionNode = FALSE
	EndGlobalSection
	GlobalSection(ExtensibilityGlobals) = postSolution
		SolutionGuid = {CA13134F-FD1F-48B4-833B-6BEE4C8A2470}
	EndGlobalSection
EndGlobal
